
Microsoft Visual Studio Solution File, Format Version 12.00
# Visual Studio Version 16
VisualStudioVersion = 16.0.31605.320
MinimumVisualStudioVersion = 10.0.40219.1
Project("{FAE04EC0-301F-11D3-BF4B-00C04F79EFBC}") = "Loja do Arlindo", "Loja do Arlindo\Loja do Arlindo.csproj", "{4BF90F80-D31A-464E-8BB1-7A22EB766AE1}"
EndProject
Global
	GlobalSection(SolutionConfigurationPlatforms) = preSolution
		Debug|Any CPU = Debug|Any CPU
		Release|Any CPU = Release|Any CPU
	EndGlobalSection
	GlobalSection(ProjectConfigurationPlatforms) = postSolution
		{4BF90F80-D31A-464E-8BB1-7A22EB766AE1}.Debug|Any CPU.ActiveCfg = Debug|Any CPU
		{4BF90F80-D31A-464E-8BB1-7A22EB766AE1}.Debug|Any CPU.Build.0 = Debug|Any CPU
		{4BF90F80-D31A-464E-8BB1-7A22EB766AE1}.Release|Any CPU.ActiveCfg = Release|Any CPU
		{4BF90F80-D31A-464E-8BB1-7A22EB766AE1}.Release|Any CPU.Build.0 = Release|Any CPU
	EndGlobalSection
	GlobalSection(SolutionProperties) = preSolution
		HideSolutionNode = FALSE
	EndGlobalSection
	GlobalSection(ExtensibilityGlobals) = postSolution
		SolutionGuid = {961D7C6A-0ACD-466A-8F22-21773CD4FC7B}
	EndGlobalSection
EndGlobal
